
Microsoft Visual Studio Solution File, Format Version 12.00
# Visual Studio Version 17
VisualStudioVersion = 17.13.35919.96
MinimumVisualStudioVersion = 10.0.40219.1
Project("{FAE04EC0-301F-11D3-BF4B-00C04F79EFBC}") = "SistemaInventario", "SistemaInventario\SistemaInventario.csproj", "{339CA024-D6E2-41C0-BE0E-2EE3B831BAF5}"
EndProject
Project("{FAE04EC0-301F-11D3-BF4B-00C04F79EFBC}") = "SistemaInventario.AccesoDatos", "SistemaInventario.AccesoDatos\SistemaInventario.AccesoDatos.csproj", "{CBFE2DC3-F665-4037-A854-FB270A893353}"
EndProject
Project("{FAE04EC0-301F-11D3-BF4B-00C04F79EFBC}") = "SistemaInventario.Modelos", "SistemaInventario.Modelos\SistemaInventario.Modelos.csproj", "{8BB75064-8330-49B0-8BD1-AC5A6D226025}"
EndProject
Project("{FAE04EC0-301F-11D3-BF4B-00C04F79EFBC}") = "SistemaInventario.Utilidades", "SistemaInventario.Utilidades\SistemaInventario.Utilidades.csproj", "{9F24D90A-9F15-4F16-97BC-605BFEFED5D4}"
EndProject
Global
	GlobalSection(SolutionConfigurationPlatforms) = preSolution
		Debug|Any CPU = Debug|Any CPU
		Release|Any CPU = Release|Any CPU
	EndGlobalSection
	GlobalSection(ProjectConfigurationPlatforms) = postSolution
		{339CA024-D6E2-41C0-BE0E-2EE3B831BAF5}.Debug|Any CPU.ActiveCfg = Debug|Any CPU
		{339CA024-D6E2-41C0-BE0E-2EE3B831BAF5}.Debug|Any CPU.Build.0 = Debug|Any CPU
		{339CA024-D6E2-41C0-BE0E-2EE3B831BAF5}.Release|Any CPU.ActiveCfg = Release|Any CPU
		{339CA024-D6E2-41C0-BE0E-2EE3B831BAF5}.Release|Any CPU.Build.0 = Release|Any CPU
		{CBFE2DC3-F665-4037-A854-FB270A893353}.Debug|Any CPU.ActiveCfg = Debug|Any CPU
		{CBFE2DC3-F665-4037-A854-FB270A893353}.Debug|Any CPU.Build.0 = Debug|Any CPU
		{CBFE2DC3-F665-4037-A854-FB270A893353}.Release|Any CPU.ActiveCfg = Release|Any CPU
		{CBFE2DC3-F665-4037-A854-FB270A893353}.Release|Any CPU.Build.0 = Release|Any CPU
		{8BB75064-8330-49B0-8BD1-AC5A6D226025}.Debug|Any CPU.ActiveCfg = Debug|Any CPU
		{8BB75064-8330-49B0-8BD1-AC5A6D226025}.Debug|Any CPU.Build.0 = Debug|Any CPU
		{8BB75064-8330-49B0-8BD1-AC5A6D226025}.Release|Any CPU.ActiveCfg = Release|Any CPU
		{8BB75064-8330-49B0-8BD1-AC5A6D226025}.Release|Any CPU.Build.0 = Release|Any CPU
		{9F24D90A-9F15-4F16-97BC-605BFEFED5D4}.Debug|Any CPU.ActiveCfg = Debug|Any CPU
		{9F24D90A-9F15-4F16-97BC-605BFEFED5D4}.Debug|Any CPU.Build.0 = Debug|Any CPU
		{9F24D90A-9F15-4F16-97BC-605BFEFED5D4}.Release|Any CPU.ActiveCfg = Release|Any CPU
		{9F24D90A-9F15-4F16-97BC-605BFEFED5D4}.Release|Any CPU.Build.0 = Release|Any CPU
	EndGlobalSection
	GlobalSection(SolutionProperties) = preSolution
		HideSolutionNode = FALSE
	EndGlobalSection
	GlobalSection(ExtensibilityGlobals) = postSolution
		SolutionGuid = {C4ECC4C0-E115-412F-B216-38989497F9EA}
	EndGlobalSection
EndGlobal
